
Microsoft Visual Studio Solution File, Format Version 12.00
# Visual Studio 2013
VisualStudioVersion = 12.0.30501.0
MinimumVisualStudioVersion = 10.0.40219.1
Project("{FAE04EC0-301F-11D3-BF4B-00C04F79EFBC}") = "Bizweiser_Test", "Bizweiser_Test\Bizweiser_Test.csproj", "{A18AE520-072C-4879-8832-4E091458CC97}"
	ProjectSection(ProjectDependencies) = postProject
		{D765E68B-BE84-4467-A25E-DB6C1A9FD626} = {D765E68B-BE84-4467-A25E-DB6C1A9FD626}
	EndProjectSection
EndProject
Project("{FAE04EC0-301F-11D3-BF4B-00C04F79EFBC}") = "Bizweiser_Test.Tests", "Bizweiser_Test.Tests\Bizweiser_Test.Tests.csproj", "{C821D1B8-2A32-442D-B4F2-27E36C688C3F}"
EndProject
Project("{FAE04EC0-301F-11D3-BF4B-00C04F79EFBC}") = "Bizweiser.DAL", "Bizweiser.DAL\Bizweiser.DAL.csproj", "{D765E68B-BE84-4467-A25E-DB6C1A9FD626}"
EndProject
Global
	GlobalSection(SolutionConfigurationPlatforms) = preSolution
		Debug|Any CPU = Debug|Any CPU
		Release|Any CPU = Release|Any CPU
	EndGlobalSection
	GlobalSection(ProjectConfigurationPlatforms) = postSolution
		{A18AE520-072C-4879-8832-4E091458CC97}.Debug|Any CPU.ActiveCfg = Debug|Any CPU
		{A18AE520-072C-4879-8832-4E091458CC97}.Debug|Any CPU.Build.0 = Debug|Any CPU
		{A18AE520-072C-4879-8832-4E091458CC97}.Release|Any CPU.ActiveCfg = Release|Any CPU
		{A18AE520-072C-4879-8832-4E091458CC97}.Release|Any CPU.Build.0 = Release|Any CPU
		{C821D1B8-2A32-442D-B4F2-27E36C688C3F}.Debug|Any CPU.ActiveCfg = Debug|Any CPU
		{C821D1B8-2A32-442D-B4F2-27E36C688C3F}.Debug|Any CPU.Build.0 = Debug|Any CPU
		{C821D1B8-2A32-442D-B4F2-27E36C688C3F}.Release|Any CPU.ActiveCfg = Release|Any CPU
		{C821D1B8-2A32-442D-B4F2-27E36C688C3F}.Release|Any CPU.Build.0 = Release|Any CPU
		{D765E68B-BE84-4467-A25E-DB6C1A9FD626}.Debug|Any CPU.ActiveCfg = Debug|Any CPU
		{D765E68B-BE84-4467-A25E-DB6C1A9FD626}.Debug|Any CPU.Build.0 = Debug|Any CPU
		{D765E68B-BE84-4467-A25E-DB6C1A9FD626}.Release|Any CPU.ActiveCfg = Release|Any CPU
		{D765E68B-BE84-4467-A25E-DB6C1A9FD626}.Release|Any CPU.Build.0 = Release|Any CPU
	EndGlobalSection
	GlobalSection(SolutionProperties) = preSolution
		HideSolutionNode = FALSE
	EndGlobalSection
EndGlobal
